
Microsoft Visual Studio Solution File, Format Version 12.00
# Visual Studio Version 17
VisualStudioVersion = 17.7.34024.191
MinimumVisualStudioVersion = 10.0.40219.1
Project("{FAE04EC0-301F-11D3-BF4B-00C04F79EFBC}") = "Bineva,L_RestaurantMangmentForm", "Bineva,L_RestaurantMangmentForm\Bineva,L_RestaurantMangmentForm.csproj", "{87F7C90B-0522-4B2B-88F1-848BA05F484E}"
EndProject
Global
	GlobalSection(SolutionConfigurationPlatforms) = preSolution
		Debug|Any CPU = Debug|Any CPU
		Release|Any CPU = Release|Any CPU
	EndGlobalSection
	GlobalSection(ProjectConfigurationPlatforms) = postSolution
		{87F7C90B-0522-4B2B-88F1-848BA05F484E}.Debug|Any CPU.ActiveCfg = Debug|Any CPU
		{87F7C90B-0522-4B2B-88F1-848BA05F484E}.Debug|Any CPU.Build.0 = Debug|Any CPU
		{87F7C90B-0522-4B2B-88F1-848BA05F484E}.Release|Any CPU.ActiveCfg = Release|Any CPU
		{87F7C90B-0522-4B2B-88F1-848BA05F484E}.Release|Any CPU.Build.0 = Release|Any CPU
	EndGlobalSection
	GlobalSection(SolutionProperties) = preSolution
		HideSolutionNode = FALSE
	EndGlobalSection
	GlobalSection(ExtensibilityGlobals) = postSolution
		SolutionGuid = {300B2A74-85D5-4566-8511-4D02094D292C}
	EndGlobalSection
EndGlobal
